
Microsoft Visual Studio Solution File, Format Version 12.00
# Visual Studio Version 16
VisualStudioVersion = 16.0.29411.108
MinimumVisualStudioVersion = 10.0.40219.1
Project("{9A19103F-16F7-4668-BE54-9A1E7A4F7556}") = "utorrent-migrate", "utorrent-migrate.csproj", "{C77A390B-F900-4E44-8642-C02364380902}"
EndProject
Global
	GlobalSection(SolutionConfigurationPlatforms) = preSolution
		Debug|Any CPU = Debug|Any CPU
		Release|Any CPU = Release|Any CPU
	EndGlobalSection
	GlobalSection(ProjectConfigurationPlatforms) = postSolution
		{C77A390B-F900-4E44-8642-C02364380902}.Debug|Any CPU.ActiveCfg = Debug|Any CPU
		{C77A390B-F900-4E44-8642-C02364380902}.Debug|Any CPU.Build.0 = Debug|Any CPU
		{C77A390B-F900-4E44-8642-C02364380902}.Release|Any CPU.ActiveCfg = Release|Any CPU
		{C77A390B-F900-4E44-8642-C02364380902}.Release|Any CPU.Build.0 = Release|Any CPU
	EndGlobalSection
	GlobalSection(SolutionProperties) = preSolution
		HideSolutionNode = FALSE
	EndGlobalSection
	GlobalSection(ExtensibilityGlobals) = postSolution
		SolutionGuid = {FC45A1FF-E799-4D30-83EF-2A4865A12EA3}
	EndGlobalSection
EndGlobal
